
Microsoft Visual Studio Solution File, Format Version 12.00
# Visual Studio Version 17
VisualStudioVersion = 17.1.32319.34
MinimumVisualStudioVersion = 10.0.40219.1
Project("{9A19103F-16F7-4668-BE54-9A1E7A4F7556}") = "HakunaMatata.Core", "HakunaMatata.Core\HakunaMatata.Core.csproj", "{C471C491-BCBA-483F-8C99-2795C0C3E003}"
EndProject
Project("{9A19103F-16F7-4668-BE54-9A1E7A4F7556}") = "HakunaMatata.Application", "HakunaMatata.Application\HakunaMatata.Application.csproj", "{A64A2937-2A92-4BFE-8E05-B06FCA6527A4}"
EndProject
Project("{9A19103F-16F7-4668-BE54-9A1E7A4F7556}") = "HakunaMatata.Data", "HakunaMatata.Data\HakunaMatata.Data.csproj", "{8805883D-1B22-40D9-875A-C2F286888A6E}"
EndProject
Project("{9A19103F-16F7-4668-BE54-9A1E7A4F7556}") = "HakunaMatata.API", "HakunaMatata.API\HakunaMatata.API.csproj", "{E376C77A-C771-487C-AE92-0EACDCADF234}"
EndProject
Global
	GlobalSection(SolutionConfigurationPlatforms) = preSolution
		Debug|Any CPU = Debug|Any CPU
		Release|Any CPU = Release|Any CPU
	EndGlobalSection
	GlobalSection(ProjectConfigurationPlatforms) = postSolution
		{C471C491-BCBA-483F-8C99-2795C0C3E003}.Debug|Any CPU.ActiveCfg = Debug|Any CPU
		{C471C491-BCBA-483F-8C99-2795C0C3E003}.Debug|Any CPU.Build.0 = Debug|Any CPU
		{C471C491-BCBA-483F-8C99-2795C0C3E003}.Release|Any CPU.ActiveCfg = Release|Any CPU
		{C471C491-BCBA-483F-8C99-2795C0C3E003}.Release|Any CPU.Build.0 = Release|Any CPU
		{A64A2937-2A92-4BFE-8E05-B06FCA6527A4}.Debug|Any CPU.ActiveCfg = Debug|Any CPU
		{A64A2937-2A92-4BFE-8E05-B06FCA6527A4}.Debug|Any CPU.Build.0 = Debug|Any CPU
		{A64A2937-2A92-4BFE-8E05-B06FCA6527A4}.Release|Any CPU.ActiveCfg = Release|Any CPU
		{A64A2937-2A92-4BFE-8E05-B06FCA6527A4}.Release|Any CPU.Build.0 = Release|Any CPU
		{8805883D-1B22-40D9-875A-C2F286888A6E}.Debug|Any CPU.ActiveCfg = Debug|Any CPU
		{8805883D-1B22-40D9-875A-C2F286888A6E}.Debug|Any CPU.Build.0 = Debug|Any CPU
		{8805883D-1B22-40D9-875A-C2F286888A6E}.Release|Any CPU.ActiveCfg = Release|Any CPU
		{8805883D-1B22-40D9-875A-C2F286888A6E}.Release|Any CPU.Build.0 = Release|Any CPU
		{E376C77A-C771-487C-AE92-0EACDCADF234}.Debug|Any CPU.ActiveCfg = Debug|Any CPU
		{E376C77A-C771-487C-AE92-0EACDCADF234}.Debug|Any CPU.Build.0 = Debug|Any CPU
		{E376C77A-C771-487C-AE92-0EACDCADF234}.Release|Any CPU.ActiveCfg = Release|Any CPU
		{E376C77A-C771-487C-AE92-0EACDCADF234}.Release|Any CPU.Build.0 = Release|Any CPU
	EndGlobalSection
	GlobalSection(SolutionProperties) = preSolution
		HideSolutionNode = FALSE
	EndGlobalSection
	GlobalSection(ExtensibilityGlobals) = postSolution
		SolutionGuid = {E79A2275-0A80-4B30-8C93-A1CB65744E97}
	EndGlobalSection
EndGlobal
